
Microsoft Visual Studio Solution File, Format Version 12.00
# Visual Studio Version 17
VisualStudioVersion = 17.5.002.0
MinimumVisualStudioVersion = 10.0.40219.1
Project("{9A19103F-16F7-4668-BE54-9A1E7A4F7556}") = "MonProjet", "MonProjet\MonProjet.csproj", "{89BF058B-D232-4C04-ABA6-09F403049DAF}"
EndProject
Global
	GlobalSection(SolutionConfigurationPlatforms) = preSolution
		Debug|Any CPU = Debug|Any CPU
		Release|Any CPU = Release|Any CPU
	EndGlobalSection
	GlobalSection(ProjectConfigurationPlatforms) = postSolution
		{89BF058B-D232-4C04-ABA6-09F403049DAF}.Debug|Any CPU.ActiveCfg = Debug|Any CPU
		{89BF058B-D232-4C04-ABA6-09F403049DAF}.Debug|Any CPU.Build.0 = Debug|Any CPU
		{89BF058B-D232-4C04-ABA6-09F403049DAF}.Release|Any CPU.ActiveCfg = Release|Any CPU
		{89BF058B-D232-4C04-ABA6-09F403049DAF}.Release|Any CPU.Build.0 = Release|Any CPU
	EndGlobalSection
	GlobalSection(SolutionProperties) = preSolution
		HideSolutionNode = FALSE
	EndGlobalSection
	GlobalSection(ExtensibilityGlobals) = postSolution
		SolutionGuid = {05CC77D0-78F1-4FAD-8833-67CFFEA0E27F}
	EndGlobalSection
EndGlobal
