
Microsoft Visual Studio Solution File, Format Version 12.00
# Visual Studio Version 17
VisualStudioVersion = 17.0.31903.59
MinimumVisualStudioVersion = 10.0.40219.1
Project("{FAE04EC0-301F-11D3-BF4B-00C04F79EFBC}") = "TEST", "TEST\TEST.csproj", "{FD63E751-D9D1-47B9-8F83-DBEC59BCBDA5}"
EndProject
Global
	GlobalSection(SolutionConfigurationPlatforms) = preSolution
		Debug|Any CPU = Debug|Any CPU
		Release|Any CPU = Release|Any CPU
	EndGlobalSection
	GlobalSection(SolutionProperties) = preSolution
		HideSolutionNode = FALSE
	EndGlobalSection
	GlobalSection(ProjectConfigurationPlatforms) = postSolution
		{FD63E751-D9D1-47B9-8F83-DBEC59BCBDA5}.Debug|Any CPU.ActiveCfg = Debug|Any CPU
		{FD63E751-D9D1-47B9-8F83-DBEC59BCBDA5}.Debug|Any CPU.Build.0 = Debug|Any CPU
		{FD63E751-D9D1-47B9-8F83-DBEC59BCBDA5}.Release|Any CPU.ActiveCfg = Release|Any CPU
		{FD63E751-D9D1-47B9-8F83-DBEC59BCBDA5}.Release|Any CPU.Build.0 = Release|Any CPU
	EndGlobalSection
EndGlobal
